// !$*UTF8*$!
{
	archiveVersion = 1;
	classes = {
	};
	objectVersion = 50;
	objects = {

/* Begin PBXBuildFile section */
		DE1D277D247DAFBC005085C5 /* main.cpp in Sources */ = {isa = PBXBuildFile; fileRef = DE1D277C247DAFBC005085C5 /* main.cpp */; };
		DE1D2785247DAFC6005085C5 /* OpenGL.framework in Frameworks */ = {isa = PBXBuildFile; fileRef = DE1D2784247DAFC6005085C5 /* OpenGL.framework */; };
		DE1D2787247DAFE0005085C5 /* libglfw.3.3.dylib in Frameworks */ = {isa = PBXBuildFile; fileRef = DE1D2786247DAFE0005085C5 /* libglfw.3.3.dylib */; };
		DE1D2788247DAFE0005085C5 /* libglfw.3.3.dylib in Embed Libraries */ = {isa = PBXBuildFile; fileRef = DE1D2786247DAFE0005085C5 /* libglfw.3.3.dylib */; settings = {ATTRIBUTES = (CodeSignOnCopy, ); }; };
		DE1D2794247DB0AF005085C5 /* Shader.cpp in Sources */ = {isa = PBXBuildFile; fileRef = DE1D2793247DB0AF005085C5 /* Shader.cpp */; };
		DE7D1F54247EF1EB00399803 /* shaders in CopyFiles */ = {isa = PBXBuildFile; fileRef = DE7D1F53247EF1CA00399803 /* shaders */; };
		DED2D4AB247EBD7F00152F5D /* glad.c in Sources */ = {isa = PBXBuildFile; fileRef = DED2D4AA247EBD7F00152F5D /* glad.c */; };
		DED2D4AE247EC45200152F5D /* stb_image.cpp in Sources */ = {isa = PBXBuildFile; fileRef = DED2D4AD247EC45200152F5D /* stb_image.cpp */; };
/* End PBXBuildFile section */

/* Begin PBXCopyFilesBuildPhase section */
		DE1D2777247DAFBC005085C5 /* CopyFiles */ = {
			isa = PBXCopyFilesBuildPhase;
			buildActionMask = 12;
			dstPath = "";
			dstSubfolderSpec = 7;
			files = (
				DE7D1F54247EF1EB00399803 /* shaders in CopyFiles */,
			);
			runOnlyForDeploymentPostprocessing = 0;
		};
		DE1D2789247DAFE0005085C5 /* Embed Libraries */ = {
			isa = PBXCopyFilesBuildPhase;
			buildActionMask = 2147483647;
			dstPath = "";
			dstSubfolderSpec = 10;
			files = (
				DE1D2788247DAFE0005085C5 /* libglfw.3.3.dylib in Embed Libraries */,
			);
			name = "Embed Libraries";
			runOnlyForDeploymentPostprocessing = 0;
		};
/* End PBXCopyFilesBuildPhase section */

/* Begin PBXFileReference section */
		DE1D2779247DAFBC005085C5 /* Textures */ = {isa = PBXFileReference; explicitFileType = "compiled.mach-o.executable"; includeInIndex = 0; path = Textures; sourceTree = BUILT_PRODUCTS_DIR; };
		DE1D277C247DAFBC005085C5 /* main.cpp */ = {isa = PBXFileReference; lastKnownFileType = sourcecode.cpp.cpp; path = main.cpp; sourceTree = "<group>"; };
		DE1D2784247DAFC6005085C5 /* OpenGL.framework */ = {isa = PBXFileReference; lastKnownFileType = wrapper.framework; name = OpenGL.framework; path = System/Library/Frameworks/OpenGL.framework; sourceTree = SDKROOT; };
		DE1D2786247DAFE0005085C5 /* libglfw.3.3.dylib */ = {isa = PBXFileReference; lastKnownFileType = "compiled.mach-o.dylib"; name = libglfw.3.3.dylib; path = ../../lib/MacOS/libglfw.3.3.dylib; sourceTree = "<group>"; };
		DE1D2792247DB0A6005085C5 /* Shader.h */ = {isa = PBXFileReference; lastKnownFileType = sourcecode.c.h; path = Shader.h; sourceTree = "<group>"; };
		DE1D2793247DB0AF005085C5 /* Shader.cpp */ = {isa = PBXFileReference; fileEncoding = 4; lastKnownFileType = sourcecode.cpp.cpp; path = Shader.cpp; sourceTree = "<group>"; };
		DE7D1F53247EF1CA00399803 /* shaders */ = {isa = PBXFileReference; lastKnownFileType = folder; name = shaders; path = ../../../shaders; sourceTree = "<group>"; };
		DED2D4AA247EBD7F00152F5D /* glad.c */ = {isa = PBXFileReference; fileEncoding = 4; lastKnownFileType = sourcecode.c.c; path = glad.c; sourceTree = "<group>"; };
		DED2D4AC247EC3FC00152F5D /* images */ = {isa = PBXFileReference; lastKnownFileType = folder; path = images; sourceTree = "<group>"; };
		DED2D4AD247EC45200152F5D /* stb_image.cpp */ = {isa = PBXFileReference; lastKnownFileType = sourcecode.cpp.cpp; path = stb_image.cpp; sourceTree = "<group>"; };
/* End PBXFileReference section */

/* Begin PBXFrameworksBuildPhase section */
		DE1D2776247DAFBC005085C5 /* Frameworks */ = {
			isa = PBXFrameworksBuildPhase;
			buildActionMask = 2147483647;
			files = (
				DE1D2787247DAFE0005085C5 /* libglfw.3.3.dylib in Frameworks */,
				DE1D2785247DAFC6005085C5 /* OpenGL.framework in Frameworks */,
			);
			runOnlyForDeploymentPostprocessing = 0;
		};
/* End PBXFrameworksBuildPhase section */

/* Begin PBXGroup section */
		DE1D2770247DAFBC005085C5 = {
			isa = PBXGroup;
			children = (
				DE1D277B247DAFBC005085C5 /* Textures */,
				DE1D277A247DAFBC005085C5 /* Products */,
				DE1D2783247DAFC6005085C5 /* Frameworks */,
			);
			sourceTree = "<group>";
		};
		DE1D277A247DAFBC005085C5 /* Products */ = {
			isa = PBXGroup;
			children = (
				DE1D2779247DAFBC005085C5 /* Textures */,
			);
			name = Products;
			sourceTree = "<group>";
		};
		DE1D277B247DAFBC005085C5 /* Textures */ = {
			isa = PBXGroup;
			children = (
				DE7D1F53247EF1CA00399803 /* shaders */,
				DED2D4AC247EC3FC00152F5D /* images */,
				DE1D2791247DB093005085C5 /* include */,
				DE1D278A247DAFE6005085C5 /* src */,
			);
			path = Textures;
			sourceTree = "<group>";
		};
		DE1D2783247DAFC6005085C5 /* Frameworks */ = {
			isa = PBXGroup;
			children = (
				DE1D2786247DAFE0005085C5 /* libglfw.3.3.dylib */,
				DE1D2784247DAFC6005085C5 /* OpenGL.framework */,
			);
			name = Frameworks;
			sourceTree = "<group>";
		};
		DE1D278A247DAFE6005085C5 /* src */ = {
			isa = PBXGroup;
			children = (
				DED2D4AA247EBD7F00152F5D /* glad.c */,
				DE1D2793247DB0AF005085C5 /* Shader.cpp */,
				DE1D277C247DAFBC005085C5 /* main.cpp */,
				DED2D4AD247EC45200152F5D /* stb_image.cpp */,
			);
			path = src;
			sourceTree = "<group>";
		};
		DE1D2791247DB093005085C5 /* include */ = {
			isa = PBXGroup;
			children = (
				DE1D2792247DB0A6005085C5 /* Shader.h */,
			);
			path = include;
			sourceTree = "<group>";
		};
/* End PBXGroup section */

/* Begin PBXNativeTarget section */
		DE1D2778247DAFBC005085C5 /* Textures */ = {
			isa = PBXNativeTarget;
			buildConfigurationList = DE1D2780247DAFBC005085C5 /* Build configuration list for PBXNativeTarget "Textures" */;
			buildPhases = (
				DE1D2775247DAFBC005085C5 /* Sources */,
				DE1D2776247DAFBC005085C5 /* Frameworks */,
				DE1D2777247DAFBC005085C5 /* CopyFiles */,
				DE1D2789247DAFE0005085C5 /* Embed Libraries */,
			);
			buildRules = (
			);
			dependencies = (
			);
			name = Textures;
			productName = Textures;
			productReference = DE1D2779247DAFBC005085C5 /* Textures */;
			productType = "com.apple.product-type.tool";
		};
/* End PBXNativeTarget section */

/* Begin PBXProject section */
		DE1D2771247DAFBC005085C5 /* Project object */ = {
			isa = PBXProject;
			attributes = {
				LastUpgradeCheck = 1140;
				ORGANIZATIONNAME = AnOrganization;
				TargetAttributes = {
					DE1D2778247DAFBC005085C5 = {
						CreatedOnToolsVersion = 11.4.1;
					};
				};
			};
			buildConfigurationList = DE1D2774247DAFBC005085C5 /* Build configuration list for PBXProject "Textures" */;
			compatibilityVersion = "Xcode 9.3";
			developmentRegion = en;
			hasScannedForEncodings = 0;
			knownRegions = (
				en,
				Base,
			);
			mainGroup = DE1D2770247DAFBC005085C5;
			productRefGroup = DE1D277A247DAFBC005085C5 /* Products */;
			projectDirPath = "";
			projectRoot = "";
			targets = (
				DE1D2778247DAFBC005085C5 /* Textures */,
			);
		};
/* End PBXProject section */

/* Begin PBXSourcesBuildPhase section */
		DE1D2775247DAFBC005085C5 /* Sources */ = {
			isa = PBXSourcesBuildPhase;
			buildActionMask = 2147483647;
			files = (
				DE1D277D247DAFBC005085C5 /* main.cpp in Sources */,
				DED2D4AE247EC45200152F5D /* stb_image.cpp in Sources */,
				DE1D2794247DB0AF005085C5 /* Shader.cpp in Sources */,
				DED2D4AB247EBD7F00152F5D /* glad.c in Sources */,
			);
			runOnlyForDeploymentPostprocessing = 0;
		};
/* End PBXSourcesBuildPhase section */

/* Begin XCBuildConfiguration section */
		DE1D277E247DAFBC005085C5 /* Debug */ = {
			isa = XCBuildConfiguration;
			buildSettings = {
				ALWAYS_SEARCH_USER_PATHS = NO;
				CLANG_ANALYZER_NONNULL = YES;
				CLANG_ANALYZER_NUMBER_OBJECT_CONVERSION = YES_AGGRESSIVE;
				CLANG_CXX_LANGUAGE_STANDARD = "gnu++14";
				CLANG_CXX_LIBRARY = "libc++";
				CLANG_ENABLE_MODULES = YES;
				CLANG_ENABLE_OBJC_ARC = YES;
				CLANG_ENABLE_OBJC_WEAK = YES;
				CLANG_WARN_BLOCK_CAPTURE_AUTORELEASING = YES;
				CLANG_WARN_BOOL_CONVERSION = YES;
				CLANG_WARN_COMMA = YES;
				CLANG_WARN_CONSTANT_CONVERSION = YES;
				CLANG_WARN_DEPRECATED_OBJC_IMPLEMENTATIONS = YES;
				CLANG_WARN_DIRECT_OBJC_ISA_USAGE = YES_ERROR;
				CLANG_WARN_DOCUMENTATION_COMMENTS = YES;
				CLANG_WARN_EMPTY_BODY = YES;
				CLANG_WARN_ENUM_CONVERSION = YES;
				CLANG_WARN_INFINITE_RECURSION = YES;
				CLANG_WARN_INT_CONVERSION = YES;
				CLANG_WARN_NON_LITERAL_NULL_CONVERSION = YES;
				CLANG_WARN_OBJC_IMPLICIT_RETAIN_SELF = YES;
				CLANG_WARN_OBJC_LITERAL_CONVERSION = YES;
				CLANG_WARN_OBJC_ROOT_CLASS = YES_ERROR;
				CLANG_WARN_RANGE_LOOP_ANALYSIS = YES;
				CLANG_WARN_STRICT_PROTOTYPES = YES;
				CLANG_WARN_SUSPICIOUS_MOVE = YES;
				CLANG_WARN_UNGUARDED_AVAILABILITY = YES_AGGRESSIVE;
				CLANG_WARN_UNREACHABLE_CODE = YES;
				CLANG_WARN__DUPLICATE_METHOD_MATCH = YES;
				COPY_PHASE_STRIP = NO;
				DEBUG_INFORMATION_FORMAT = dwarf;
				ENABLE_STRICT_OBJC_MSGSEND = YES;
				ENABLE_TESTABILITY = YES;
				GCC_C_LANGUAGE_STANDARD = gnu11;
				GCC_DYNAMIC_NO_PIC = NO;
				GCC_NO_COMMON_BLOCKS = YES;
				GCC_OPTIMIZATION_LEVEL = 0;
				GCC_PREPROCESSOR_DEFINITIONS = (
					"DEBUG=1",
					"$(inherited)",
				);
				GCC_WARN_64_TO_32_BIT_CONVERSION = YES;
				GCC_WARN_ABOUT_RETURN_TYPE = YES_ERROR;
				GCC_WARN_UNDECLARED_SELECTOR = YES;
				GCC_WARN_UNINITIALIZED_AUTOS = YES_AGGRESSIVE;
				GCC_WARN_UNUSED_FUNCTION = YES;
				GCC_WARN_UNUSED_VARIABLE = YES;
				MACOSX_DEPLOYMENT_TARGET = 10.15;
				MTL_ENABLE_DEBUG_INFO = INCLUDE_SOURCE;
				MTL_FAST_MATH = YES;
				ONLY_ACTIVE_ARCH = YES;
				SDKROOT = macosx;
			};
			name = Debug;
		};
		DE1D277F247DAFBC005085C5 /* Release */ = {
			isa = XCBuildConfiguration;
			buildSettings = {
				ALWAYS_SEARCH_USER_PATHS = NO;
				CLANG_ANALYZER_NONNULL = YES;
				CLANG_ANALYZER_NUMBER_OBJECT_CONVERSION = YES_AGGRESSIVE;
				CLANG_CXX_LANGUAGE_STANDARD = "gnu++14";
				CLANG_CXX_LIBRARY = "libc++";
				CLANG_ENABLE_MODULES = YES;
				CLANG_ENABLE_OBJC_ARC = YES;
				CLANG_ENABLE_OBJC_WEAK = YES;
				CLANG_WARN_BLOCK_CAPTURE_AUTORELEASING = YES;
				CLANG_WARN_BOOL_CONVERSION = YES;
				CLANG_WARN_COMMA = YES;
				CLANG_WARN_CONSTANT_CONVERSION = YES;
				CLANG_WARN_DEPRECATED_OBJC_IMPLEMENTATIONS = YES;
				CLANG_WARN_DIRECT_OBJC_ISA_USAGE = YES_ERROR;
				CLANG_WARN_DOCUMENTATION_COMMENTS = YES;
				CLANG_WARN_EMPTY_BODY = YES;
				CLANG_WARN_ENUM_CONVERSION = YES;
				CLANG_WARN_INFINITE_RECURSION = YES;
				CLANG_WARN_INT_CONVERSION = YES;
				CLANG_WARN_NON_LITERAL_NULL_CONVERSION = YES;
				CLANG_WARN_OBJC_IMPLICIT_RETAIN_SELF = YES;
				CLANG_WARN_OBJC_LITERAL_CONVERSION = YES;
				CLANG_WARN_OBJC_ROOT_CLASS = YES_ERROR;
				CLANG_WARN_RANGE_LOOP_ANALYSIS = YES;
				CLANG_WARN_STRICT_PROTOTYPES = YES;
				CLANG_WARN_SUSPICIOUS_MOVE = YES;
				CLANG_WARN_UNGUARDED_AVAILABILITY = YES_AGGRESSIVE;
				CLANG_WARN_UNREACHABLE_CODE = YES;
				CLANG_WARN__DUPLICATE_METHOD_MATCH = YES;
				COPY_PHASE_STRIP = NO;
				DEBUG_INFORMATION_FORMAT = "dwarf-with-dsym";
				ENABLE_NS_ASSERTIONS = NO;
				ENABLE_STRICT_OBJC_MSGSEND = YES;
				GCC_C_LANGUAGE_STANDARD = gnu11;
				GCC_NO_COMMON_BLOCKS = YES;
				GCC_WARN_64_TO_32_BIT_CONVERSION = YES;
				GCC_WARN_ABOUT_RETURN_TYPE = YES_ERROR;
				GCC_WARN_UNDECLARED_SELECTOR = YES;
				GCC_WARN_UNINITIALIZED_AUTOS = YES_AGGRESSIVE;
				GCC_WARN_UNUSED_FUNCTION = YES;
				GCC_WARN_UNUSED_VARIABLE = YES;
				MACOSX_DEPLOYMENT_TARGET = 10.15;
				MTL_ENABLE_DEBUG_INFO = NO;
				MTL_FAST_MATH = YES;
				SDKROOT = macosx;
			};
			name = Release;
		};
		DE1D2781247DAFBC005085C5 /* Debug */ = {
			isa = XCBuildConfiguration;
			buildSettings = {
				CODE_SIGN_STYLE = Automatic;
				HEADER_SEARCH_PATHS = /Users/crunchy/git/LearnOpenGL/include/MacOS;
				LIBRARY_SEARCH_PATHS = /Users/crunchy/git/LearnOpenGL/lib/MacOS;
				PRODUCT_NAME = "$(TARGET_NAME)";
			};
			name = Debug;
		};
		DE1D2782247DAFBC005085C5 /* Release */ = {
			isa = XCBuildConfiguration;
			buildSettings = {
				CODE_SIGN_STYLE = Automatic;
				HEADER_SEARCH_PATHS = /Users/crunchy/git/LearnOpenGL/include/MacOS;
				LIBRARY_SEARCH_PATHS = /Users/crunchy/git/LearnOpenGL/lib/MacOS;
				PRODUCT_NAME = "$(TARGET_NAME)";
			};
			name = Release;
		};
/* End XCBuildConfiguration section */

/* Begin XCConfigurationList section */
		DE1D2774247DAFBC005085C5 /* Build configuration list for PBXProject "Textures" */ = {
			isa = XCConfigurationList;
			buildConfigurations = (
				DE1D277E247DAFBC005085C5 /* Debug */,
				DE1D277F247DAFBC005085C5 /* Release */,
			);
			defaultConfigurationIsVisible = 0;
			defaultConfigurationName = Release;
		};
		DE1D2780247DAFBC005085C5 /* Build configuration list for PBXNativeTarget "Textures" */ = {
			isa = XCConfigurationList;
			buildConfigurations = (
				DE1D2781247DAFBC005085C5 /* Debug */,
				DE1D2782247DAFBC005085C5 /* Release */,
			);
			defaultConfigurationIsVisible = 0;
			defaultConfigurationName = Release;
		};
/* End XCConfigurationList section */
	};
	rootObject = DE1D2771247DAFBC005085C5 /* Project object */;
}
